Microsoft Visual Studio Solution File, Format Version 12.00
# Visual Studio 15
VisualStudioVersion = 15.0.27004.2008
MinimumVisualStudioVersion = 10.0.40219.1
Project("{E24C65DC-7377-472B-9ABA-BC803B73C61A}") = "C:", "C:\Program Files\Acumatica ERP\Acumatica2021\", "{407B75C1-DF84-479F-BD54-F5A5D7012034}"
	ProjectSection(WebsiteProperties) = preProject
		TargetFrameworkMoniker = ".NETFramework,Version%3Dv4.7.1"
		ProjectReferences = "{9BC6D61A-5D4B-4D57-BC6B-5E3F9D04377E}|AcuStock.dll;"
		Debug.AspNetCompiler.VirtualPath = "/localhost_4445"
		Debug.AspNetCompiler.PhysicalPath = "C:\Program Files\Acumatica ERP\Acumatica2021\"
		Debug.AspNetCompiler.TargetPath = "PrecompiledWeb\localhost_4445\"
		Debug.AspNetCompiler.Updateable = "true"
		Debug.AspNetCompiler.ForceOverwrite = "true"
		Debug.AspNetCompiler.FixedNames = "false"
		Debug.AspNetCompiler.Debug = "True"
		Release.AspNetCompiler.VirtualPath = "/localhost_4445"
		Release.AspNetCompiler.PhysicalPath = "C:\Program Files\Acumatica ERP\Acumatica2021\"
		Release.AspNetCompiler.TargetPath = "PrecompiledWeb\localhost_4445\"
		Release.AspNetCompiler.Updateable = "true"
		Release.AspNetCompiler.ForceOverwrite = "true"
		Release.AspNetCompiler.FixedNames = "false"
		Release.AspNetCompiler.Debug = "False"
		VWDPort = "4445"
		VWDDynamicPort = "false"
		SlnRelativePath = "C:\Program Files\Acumatica ERP\Acumatica2021\"
	EndProjectSection
EndProject
Project("{FAE04EC0-301F-11D3-BF4B-00C04F79EFBC}") = "AcuStock", "AcuStock\AcuStock.csproj", "{9BC6D61A-5D4B-4D57-BC6B-5E3F9D04377E}"
EndProject
Global
	GlobalSection(SolutionConfigurationPlatforms) = preSolution
		Debug|Any CPU = Debug|Any CPU
		Release|Any CPU = Release|Any CPU
	EndGlobalSection
	GlobalSection(ProjectConfigurationPlatforms) = postSolution
		{407B75C1-DF84-479F-BD54-F5A5D7012034}.Debug|Any CPU.ActiveCfg = Debug|Any CPU
		{407B75C1-DF84-479F-BD54-F5A5D7012034}.Debug|Any CPU.Build.0 = Debug|Any CPU
		{407B75C1-DF84-479F-BD54-F5A5D7012034}.Release|Any CPU.ActiveCfg = Debug|Any CPU
		{407B75C1-DF84-479F-BD54-F5A5D7012034}.Release|Any CPU.Build.0 = Debug|Any CPU
		{9BC6D61A-5D4B-4D57-BC6B-5E3F9D04377E}.Debug|Any CPU.ActiveCfg = Debug|Any CPU
		{9BC6D61A-5D4B-4D57-BC6B-5E3F9D04377E}.Debug|Any CPU.Build.0 = Debug|Any CPU
		{9BC6D61A-5D4B-4D57-BC6B-5E3F9D04377E}.Release|Any CPU.ActiveCfg = Release|Any CPU
		{9BC6D61A-5D4B-4D57-BC6B-5E3F9D04377E}.Release|Any CPU.Build.0 = Release|Any CPU
	EndGlobalSection
	GlobalSection(SolutionProperties) = preSolution
		HideSolutionNode = FALSE
	EndGlobalSection
	GlobalSection(ExtensibilityGlobals) = postSolution
		SolutionGuid = {54B59FF7-FCA6-4341-A35F-6FC15147849D}
	EndGlobalSection
EndGlobal
